# THIS IS AN AUTOGENERATED FILE. DO NOT EDIT THIS FILE DIRECTLY.
# yarn lockfile v1


abbrev@1:
  version "1.1.0"
  resolved "https://registry.yarnpkg.com/abbrev/-/abbrev-1.1.0.tgz#d0554c2256636e2f56e7c2e5ad183f859428d81f"

align-text@^0.1.1, align-text@^0.1.3:
  version "0.1.4"
  resolved "https://registry.yarnpkg.com/align-text/-/align-text-0.1.4.tgz#0cd90a561093f35d0a99256c22b7069433fad117"
  dependencies:
    kind-of "^3.0.2"
    longest "^1.0.1"
    repeat-string "^1.5.2"

async@~0.2.6:
  version "0.2.10"
  resolved "https://registry.yarnpkg.com/async/-/async-0.2.10.tgz#b6bbe0b0674b9d719708ca38de8c237cb526c3d1"

balanced-match@^0.4.1:
  version "0.4.2"
  resolved "https://registry.yarnpkg.com/balanced-match/-/balanced-match-0.4.2.tgz#cb3f3e3c732dc0f01ee70b403f302e61d7709838"

brace-expansion@^1.0.0:
  version "1.1.6"
  resolved "https://registry.yarnpkg.com/brace-expansion/-/brace-expansion-1.1.6.tgz#7197d7eaa9b87e648390ea61fc66c84427420df9"
  dependencies:
    balanced-match "^0.4.1"
    concat-map "0.0.1"

camelcase@^1.0.2:
  version "1.2.1"
  resolved "https://registry.yarnpkg.com/camelcase/-/camelcase-1.2.1.tgz#9bb5304d2e0b56698b2c758b08a3eaa9daa58a39"

center-align@^0.1.1:
  version "0.1.3"
  resolved "https://registry.yarnpkg.com/center-align/-/center-align-0.1.3.tgz#aa0d32629b6ee972200411cbd4461c907bc2b7ad"
  dependencies:
    align-text "^0.1.3"
    lazy-cache "^1.0.3"

cliui@^2.1.0:
  version "2.1.0"
  resolved "https://registry.yarnpkg.com/cliui/-/cliui-2.1.0.tgz#4b475760ff80264c762c3a1719032e91c7fea0d1"
  dependencies:
    center-align "^0.1.1"
    right-align "^0.1.1"
    wordwrap "0.0.2"

commander@^2.8.1:
  version "2.9.0"
  resolved "https://registry.yarnpkg.com/commander/-/commander-2.9.0.tgz#9c99094176e12240cb22d6c5146098400fe0f7d4"
  dependencies:
    graceful-readlink ">= 1.0.0"

concat-map@0.0.1:
  version "0.0.1"
  resolved "https://registry.yarnpkg.com/concat-map/-/concat-map-0.0.1.tgz#d8a96bd77fd68df7793a73036a3ba0d5405d477b"

css-resolve-import@^0.1.1:
  version "0.1.2"
  resolved "https://registry.yarnpkg.com/css-resolve-import/-/css-resolve-import-0.1.2.tgz#ff6d28ac4a175c9d57adb9d2ce6da6f916a1d535"

decamelize@^1.0.0:
  version "1.2.0"
  resolved "https://registry.yarnpkg.com/decamelize/-/decamelize-1.2.0.tgz#f6534d15148269b20352e7bee26f501f9a191290"

fmerge@^1.2.0:
  version "1.2.0"
  resolved "https://registry.yarnpkg.com/fmerge/-/fmerge-1.2.0.tgz#36e99d2ae255e3ee1af666b4df780553671cf692"

fs.realpath@^1.0.0:
  version "1.0.0"
  resolved "https://registry.yarnpkg.com/fs.realpath/-/fs.realpath-1.0.0.tgz#1504ad2523158caa40db4a2787cb01411994ea4f"

glob@^7.1.1:
  version "7.1.1"
  resolved "https://registry.yarnpkg.com/glob/-/glob-7.1.1.tgz#805211df04faaf1c63a3600306cdf5ade50b2ec8"
  dependencies:
    fs.realpath "^1.0.0"
    inflight "^1.0.4"
    inherits "2"
    minimatch "^3.0.2"
    once "^1.3.0"
    path-is-absolute "^1.0.0"

"graceful-readlink@>= 1.0.0":
  version "1.0.1"
  resolved "https://registry.yarnpkg.com/graceful-readlink/-/graceful-readlink-1.0.1.tgz#4cafad76bc62f02fa039b2f94e9a3dd3a391a725"

hogan.js@^3.0.2:
  version "3.0.2"
  resolved "https://registry.yarnpkg.com/hogan.js/-/hogan.js-3.0.2.tgz#4cd9e1abd4294146e7679e41d7898732b02c7bfd"
  dependencies:
    mkdirp "0.3.0"
    nopt "1.0.10"

inflight@^1.0.4:
  version "1.0.6"
  resolved "https://registry.yarnpkg.com/inflight/-/inflight-1.0.6.tgz#49bd6331d7d02d0c09bc910a1075ba8165b56df9"
  dependencies:
    once "^1.3.0"
    wrappy "1"

inherits@2:
  version "2.0.3"
  resolved "https://registry.yarnpkg.com/inherits/-/inherits-2.0.3.tgz#633c2c83e3da42a502f52466022480f4208261de"

is-buffer@^1.0.2:
  version "1.1.4"
  resolved "https://registry.yarnpkg.com/is-buffer/-/is-buffer-1.1.4.tgz#cfc86ccd5dc5a52fa80489111c6920c457e2d98b"

kind-of@^3.0.2:
  version "3.1.0"
  resolved "https://registry.yarnpkg.com/kind-of/-/kind-of-3.1.0.tgz#475d698a5e49ff5e53d14e3e732429dc8bf4cf47"
  dependencies:
    is-buffer "^1.0.2"

lazy-cache@^1.0.3:
  version "1.0.4"
  resolved "https://registry.yarnpkg.com/lazy-cache/-/lazy-cache-1.0.4.tgz#a1d78fc3a50474cb80845d3b3b6e1da49a446e8e"

longest@^1.0.1:
  version "1.0.1"
  resolved "https://registry.yarnpkg.com/longest/-/longest-1.0.1.tgz#30a0b2da38f73770e8294a0d22e6625ed77d0097"

minifier@^0.8.1:
  version "0.8.1"
  resolved "https://registry.yarnpkg.com/minifier/-/minifier-0.8.1.tgz#67e9333f9e25d27643bc7963e66b2dd61cf6c5b0"
  dependencies:
    commander "^2.8.1"
    css-resolve-import "^0.1.1"
    fmerge "^1.2.0"
    glob "^7.1.1"
    hogan.js "^3.0.2"
    sqwish "~0.2.2"
    uglify-js "^2.4.24"

minimatch@^3.0.2:
  version "3.0.3"
  resolved "https://registry.yarnpkg.com/minimatch/-/minimatch-3.0.3.tgz#2a4e4090b96b2db06a9d7df01055a62a77c9b774"
  dependencies:
    brace-expansion "^1.0.0"

mkdirp@0.3.0:
  version "0.3.0"
  resolved "https://registry.yarnpkg.com/mkdirp/-/mkdirp-0.3.0.tgz#1bbf5ab1ba827af23575143490426455f481fe1e"

nopt@1.0.10:
  version "1.0.10"
  resolved "https://registry.yarnpkg.com/nopt/-/nopt-1.0.10.tgz#6ddd21bd2a31417b92727dd585f8a6f37608ebee"
  dependencies:
    abbrev "1"

once@^1.3.0:
  version "1.4.0"
  resolved "https://registry.yarnpkg.com/once/-/once-1.4.0.tgz#583b1aa775961d4b113ac17d9c50baef9dd76bd1"
  dependencies:
    wrappy "1"

path-is-absolute@^1.0.0:
  version "1.0.1"
  resolved "https://registry.yarnpkg.com/path-is-absolute/-/path-is-absolute-1.0.1.tgz#174b9268735534ffbc7ace6bf53a5a9e1b5c5f5f"

repeat-string@^1.5.2:
  version "1.6.1"
  resolved "https://registry.yarnpkg.com/repeat-string/-/repeat-string-1.6.1.tgz#8dcae470e1c88abc2d600fff4a776286da75e637"

right-align@^0.1.1:
  version "0.1.3"
  resolved "https://registry.yarnpkg.com/right-align/-/right-align-0.1.3.tgz#61339b722fe6a3515689210d24e14c96148613ef"
  dependencies:
    align-text "^0.1.1"

source-map@~0.5.1:
  version "0.5.6"
  resolved "https://registry.yarnpkg.com/source-map/-/source-map-0.5.6.tgz#75ce38f52bf0733c5a7f0c118d81334a2bb5f412"

sqwish@~0.2.2:
  version "0.2.2"
  resolved "http://registry.npmjs.org/sqwish/-/sqwish-0.2.2.tgz#00fe2668104f1228b5bb7ee739ef60121bbcb057"

uglify-js@^2.4.24:
  version "2.7.5"
  resolved "https://registry.yarnpkg.com/uglify-js/-/uglify-js-2.7.5.tgz#4612c0c7baaee2ba7c487de4904ae122079f2ca8"
  dependencies:
    async "~0.2.6"
    source-map "~0.5.1"
    uglify-to-browserify "~1.0.0"
    yargs "~3.10.0"

uglify-to-browserify@~1.0.0:
  version "1.0.2"
  resolved "https://registry.yarnpkg.com/uglify-to-browserify/-/uglify-to-browserify-1.0.2.tgz#6e0924d6bda6b5afe349e39a6d632850a0f882b7"

window-size@0.1.0:
  version "0.1.0"
  resolved "https://registry.yarnpkg.com/window-size/-/window-size-0.1.0.tgz#5438cd2ea93b202efa3a19fe8887aee7c94f9c9d"

wordwrap@0.0.2:
  version "0.0.2"
  resolved "https://registry.yarnpkg.com/wordwrap/-/wordwrap-0.0.2.tgz#b79669bb42ecb409f83d583cad52ca17eaa1643f"

wrappy@1:
  version "1.0.2"
  resolved "https://registry.yarnpkg.com/wrappy/-/wrappy-1.0.2.tgz#b5243d8f3ec1aa35f1364605bc0d1036e30ab69f"

yargs@~3.10.0:
  version "3.10.0"
  resolved "https://registry.yarnpkg.com/yargs/-/yargs-3.10.0.tgz#f7ee7bd857dd7c1d2d38c0e74efbd681d1431fd1"
  dependencies:
    camelcase "^1.0.2"
    cliui "^2.1.0"
    decamelize "^1.0.0"
    window-size "0.1.0"
